
Microsoft Visual Studio Solution File, Format Version 12.00
# Visual Studio Version 16
VisualStudioVersion = 16.0.29613.14
MinimumVisualStudioVersion = 10.0.40219.1
Project("{9A19103F-16F7-4668-BE54-9A1E7A4F7556}") = "DuckSim.Solution", "DuckSim\DuckSim.Solution\DuckSim.Solution.csproj", "{3028FF61-81CF-49CD-B602-371649C4DC6A}"
EndProject
Project("{9A19103F-16F7-4668-BE54-9A1E7A4F7556}") = "DuckSim.Original", "DuckSim\DuckSim.Original\DuckSim.Original.csproj", "{95EDE345-EC96-4865-BEB3-D8AB1B93E81A}"
EndProject
Global
	GlobalSection(SolutionConfigurationPlatforms) = preSolution
		Debug|Any CPU = Debug|Any CPU
		Release|Any CPU = Release|Any CPU
	EndGlobalSection
	GlobalSection(ProjectConfigurationPlatforms) = postSolution
		{3028FF61-81CF-49CD-B602-371649C4DC6A}.Debug|Any CPU.ActiveCfg = Debug|Any CPU
		{3028FF61-81CF-49CD-B602-371649C4DC6A}.Debug|Any CPU.Build.0 = Debug|Any CPU
		{3028FF61-81CF-49CD-B602-371649C4DC6A}.Release|Any CPU.ActiveCfg = Release|Any CPU
		{3028FF61-81CF-49CD-B602-371649C4DC6A}.Release|Any CPU.Build.0 = Release|Any CPU
		{95EDE345-EC96-4865-BEB3-D8AB1B93E81A}.Debug|Any CPU.ActiveCfg = Debug|Any CPU
		{95EDE345-EC96-4865-BEB3-D8AB1B93E81A}.Debug|Any CPU.Build.0 = Debug|Any CPU
		{95EDE345-EC96-4865-BEB3-D8AB1B93E81A}.Release|Any CPU.ActiveCfg = Release|Any CPU
		{95EDE345-EC96-4865-BEB3-D8AB1B93E81A}.Release|Any CPU.Build.0 = Release|Any CPU
	EndGlobalSection
	GlobalSection(SolutionProperties) = preSolution
		HideSolutionNode = FALSE
	EndGlobalSection
	GlobalSection(ExtensibilityGlobals) = postSolution
		SolutionGuid = {F25A115B-28B0-4B04-9487-3DFDE60B975B}
	EndGlobalSection
EndGlobal
